# Code generated by scarb DO NOT EDIT.
version = 1

[[package]]
name = "entry_fee_extension_component"
version = "0.1.0"
dependencies = [
 "interfaces",
 "openzeppelin_introspection",
]

[[package]]
name = "entry_requirement_extension_component"
version = "0.1.0"
dependencies = [
 "interfaces",
 "openzeppelin_introspection",
]

[[package]]
name = "entry_requirement_extensions"
version = "0.1.0"
dependencies = [
 "entry_requirement_extension_component",
 "interfaces",
 "openzeppelin_interfaces",
 "openzeppelin_introspection",
 "snforge_std",
 "test_common",
]

[[package]]
name = "interfaces"
version = "0.1.0"

[[package]]
name = "openzeppelin_interfaces"
version = "2.1.0"
source = "git+https://github.com/OpenZeppelin/cairo-contracts.git?tag=v3.0.0#ddd3338e787a3fbf4a92b366640a57ee364390cb"

[[package]]
name = "openzeppelin_introspection"
version = "3.0.0"
source = "git+https://github.com/OpenZeppelin/cairo-contracts.git?tag=v3.0.0#ddd3338e787a3fbf4a92b366640a57ee364390cb"
dependencies = [
 "openzeppelin_interfaces",
]

[[package]]
name = "prize_extension_component"
version = "0.1.0"
dependencies = [
 "interfaces",
 "openzeppelin_introspection",
]

[[package]]
name = "snforge_scarb_plugin"
version = "0.56.0"
source = "registry+https://scarbs.xyz/"
checksum = "sha256:d5f2d878f7ae36c8149c517e2d618a95d7833598a76083cb12ea3f00da06a618"

[[package]]
name = "snforge_std"
version = "0.56.0"
source = "registry+https://scarbs.xyz/"
checksum = "sha256:87dfe06ffd5cf1d5a075b7a5c8dff442b66d0eeaf27921140cf446213eb29a68"
dependencies = [
 "snforge_scarb_plugin",
]

[[package]]
name = "test_common"
version = "0.1.0"
dependencies = [
 "entry_requirement_extension_component",
 "interfaces",
 "openzeppelin_interfaces",
 "openzeppelin_introspection",
 "snforge_std",
]
