# Code generated by scarb DO NOT EDIT.
version = 1

[[package]]
name = "budokan_extensions"
version = "0.1.0"
dependencies = [
 "openzeppelin_interfaces",
 "openzeppelin_introspection",
 "snforge_std",
]

[[package]]
name = "openzeppelin_interfaces"
version = "2.1.0"
source = "git+https://github.com/OpenZeppelin/cairo-contracts.git?tag=v3.0.0#ddd3338e787a3fbf4a92b366640a57ee364390cb"

[[package]]
name = "openzeppelin_introspection"
version = "3.0.0"
source = "git+https://github.com/OpenZeppelin/cairo-contracts.git?tag=v3.0.0#ddd3338e787a3fbf4a92b366640a57ee364390cb"
dependencies = [
 "openzeppelin_interfaces",
]

[[package]]
name = "snforge_scarb_plugin"
version = "0.55.0"
source = "git+https://github.com/foundry-rs/starknet-foundry?tag=v0.55.0#8891212a4fe99f1787298042f828ebd4e4abe9a3"

[[package]]
name = "snforge_std"
version = "0.55.0"
source = "git+https://github.com/foundry-rs/starknet-foundry?tag=v0.55.0#8891212a4fe99f1787298042f828ebd4e4abe9a3"
dependencies = [
 "snforge_scarb_plugin",
]
